
Microsoft Visual Studio Solution File, Format Version 12.00
# Visual Studio Version 17
VisualStudioVersion = 17.0.31903.59
MinimumVisualStudioVersion = 10.0.40219.1
Project("{FAE04EC0-301F-11D3-BF4B-00C04F79EFBC}") = "lektion_1", "lektion_1\lektion_1.csproj", "{CEF86D29-19C4-4B86-A393-A990EB1542B6}"
EndProject
Project("{FAE04EC0-301F-11D3-BF4B-00C04F79EFBC}") = "lektion_2", "lektion_2\lektion_2.csproj", "{1BB7F6FC-DB08-4234-9BF8-BD651E7E3E67}"
EndProject
Global
	GlobalSection(SolutionConfigurationPlatforms) = preSolution
		Debug|Any CPU = Debug|Any CPU
		Release|Any CPU = Release|Any CPU
	EndGlobalSection
	GlobalSection(SolutionProperties) = preSolution
		HideSolutionNode = FALSE
	EndGlobalSection
	GlobalSection(ProjectConfigurationPlatforms) = postSolution
		{CEF86D29-19C4-4B86-A393-A990EB1542B6}.Debug|Any CPU.ActiveCfg = Debug|Any CPU
		{CEF86D29-19C4-4B86-A393-A990EB1542B6}.Debug|Any CPU.Build.0 = Debug|Any CPU
		{CEF86D29-19C4-4B86-A393-A990EB1542B6}.Release|Any CPU.ActiveCfg = Release|Any CPU
		{CEF86D29-19C4-4B86-A393-A990EB1542B6}.Release|Any CPU.Build.0 = Release|Any CPU
		{1BB7F6FC-DB08-4234-9BF8-BD651E7E3E67}.Debug|Any CPU.ActiveCfg = Debug|Any CPU
		{1BB7F6FC-DB08-4234-9BF8-BD651E7E3E67}.Debug|Any CPU.Build.0 = Debug|Any CPU
		{1BB7F6FC-DB08-4234-9BF8-BD651E7E3E67}.Release|Any CPU.ActiveCfg = Release|Any CPU
		{1BB7F6FC-DB08-4234-9BF8-BD651E7E3E67}.Release|Any CPU.Build.0 = Release|Any CPU
	EndGlobalSection
EndGlobal
